
Microsoft Visual Studio Solution File, Format Version 12.00
# Visual Studio 14
VisualStudioVersion = 14.0.25420.1
MinimumVisualStudioVersion = 10.0.40219.1
Project("{FAE04EC0-301F-11D3-BF4B-00C04F79EFBC}") = "Task1Logic", "Task1Logic\Task1Logic.csproj", "{D1401D32-162B-426D-801D-FF19AFA84B6A}"
EndProject
Project("{FAE04EC0-301F-11D3-BF4B-00C04F79EFBC}") = "Task1Console", "Task1Console\Task1Console.csproj", "{7667114A-FF7C-4AE3-A742-F45B904238A5}"
EndProject
Project("{FAE04EC0-301F-11D3-BF4B-00C04F79EFBC}") = "Task4Logic", "Task4Logic\Task4Logic.csproj", "{2227884A-7FD0-4DE9-B74F-A5426448B448}"
EndProject
Project("{FAE04EC0-301F-11D3-BF4B-00C04F79EFBC}") = "Task4Console", "Task4Console\Task4Console.csproj", "{A9C9B967-D782-4845-961C-F411A9A81339}"
EndProject
Project("{FAE04EC0-301F-11D3-BF4B-00C04F79EFBC}") = "Task3Logic", "Task3Logic\Task3Logic.csproj", "{5F651CD2-8F25-4A0C-85BC-A8B4EF9D35A4}"
EndProject
Project("{FAE04EC0-301F-11D3-BF4B-00C04F79EFBC}") = "Task3Console", "Task3Console\Task3Console.csproj", "{49B9D019-64A1-42E7-9229-FE1D22AC9DD1}"
EndProject
Global
	GlobalSection(SolutionConfigurationPlatforms) = preSolution
		Debug|Any CPU = Debug|Any CPU
		Release|Any CPU = Release|Any CPU
	EndGlobalSection
	GlobalSection(ProjectConfigurationPlatforms) = postSolution
		{D1401D32-162B-426D-801D-FF19AFA84B6A}.Debug|Any CPU.ActiveCfg = Debug|Any CPU
		{D1401D32-162B-426D-801D-FF19AFA84B6A}.Debug|Any CPU.Build.0 = Debug|Any CPU
		{D1401D32-162B-426D-801D-FF19AFA84B6A}.Release|Any CPU.ActiveCfg = Release|Any CPU
		{D1401D32-162B-426D-801D-FF19AFA84B6A}.Release|Any CPU.Build.0 = Release|Any CPU
		{7667114A-FF7C-4AE3-A742-F45B904238A5}.Debug|Any CPU.ActiveCfg = Debug|Any CPU
		{7667114A-FF7C-4AE3-A742-F45B904238A5}.Debug|Any CPU.Build.0 = Debug|Any CPU
		{7667114A-FF7C-4AE3-A742-F45B904238A5}.Release|Any CPU.ActiveCfg = Release|Any CPU
		{7667114A-FF7C-4AE3-A742-F45B904238A5}.Release|Any CPU.Build.0 = Release|Any CPU
		{2227884A-7FD0-4DE9-B74F-A5426448B448}.Debug|Any CPU.ActiveCfg = Debug|Any CPU
		{2227884A-7FD0-4DE9-B74F-A5426448B448}.Debug|Any CPU.Build.0 = Debug|Any CPU
		{2227884A-7FD0-4DE9-B74F-A5426448B448}.Release|Any CPU.ActiveCfg = Release|Any CPU
		{2227884A-7FD0-4DE9-B74F-A5426448B448}.Release|Any CPU.Build.0 = Release|Any CPU
		{A9C9B967-D782-4845-961C-F411A9A81339}.Debug|Any CPU.ActiveCfg = Debug|Any CPU
		{A9C9B967-D782-4845-961C-F411A9A81339}.Debug|Any CPU.Build.0 = Debug|Any CPU
		{A9C9B967-D782-4845-961C-F411A9A81339}.Release|Any CPU.ActiveCfg = Release|Any CPU
		{A9C9B967-D782-4845-961C-F411A9A81339}.Release|Any CPU.Build.0 = Release|Any CPU
		{5F651CD2-8F25-4A0C-85BC-A8B4EF9D35A4}.Debug|Any CPU.ActiveCfg = Debug|Any CPU
		{5F651CD2-8F25-4A0C-85BC-A8B4EF9D35A4}.Debug|Any CPU.Build.0 = Debug|Any CPU
		{5F651CD2-8F25-4A0C-85BC-A8B4EF9D35A4}.Release|Any CPU.ActiveCfg = Release|Any CPU
		{5F651CD2-8F25-4A0C-85BC-A8B4EF9D35A4}.Release|Any CPU.Build.0 = Release|Any CPU
		{49B9D019-64A1-42E7-9229-FE1D22AC9DD1}.Debug|Any CPU.ActiveCfg = Debug|Any CPU
		{49B9D019-64A1-42E7-9229-FE1D22AC9DD1}.Debug|Any CPU.Build.0 = Debug|Any CPU
		{49B9D019-64A1-42E7-9229-FE1D22AC9DD1}.Release|Any CPU.ActiveCfg = Release|Any CPU
		{49B9D019-64A1-42E7-9229-FE1D22AC9DD1}.Release|Any CPU.Build.0 = Release|Any CPU
	EndGlobalSection
	GlobalSection(SolutionProperties) = preSolution
		HideSolutionNode = FALSE
	EndGlobalSection
EndGlobal
